
Microsoft Visual Studio Solution File, Format Version 12.00
# Visual Studio 15
VisualStudioVersion = 15.0.28307.1062
MinimumVisualStudioVersion = 10.0.40219.1
Project("{FAE04EC0-301F-11D3-BF4B-00C04F79EFBC}") = "ExtensionMethodsStandard", "ExtensionMethodsStandard\ExtensionMethodsStandard.csproj", "{99148466-D778-4969-908B-A0D1765EC228}"
EndProject
Global
	GlobalSection(SolutionConfigurationPlatforms) = preSolution
		Debug|Any CPU = Debug|Any CPU
		Release|Any CPU = Release|Any CPU
	EndGlobalSection
	GlobalSection(ProjectConfigurationPlatforms) = postSolution
		{99148466-D778-4969-908B-A0D1765EC228}.Debug|Any CPU.ActiveCfg = Debug|Any CPU
		{99148466-D778-4969-908B-A0D1765EC228}.Debug|Any CPU.Build.0 = Debug|Any CPU
		{99148466-D778-4969-908B-A0D1765EC228}.Release|Any CPU.ActiveCfg = Release|Any CPU
		{99148466-D778-4969-908B-A0D1765EC228}.Release|Any CPU.Build.0 = Release|Any CPU
	EndGlobalSection
	GlobalSection(SolutionProperties) = preSolution
		HideSolutionNode = FALSE
	EndGlobalSection
	GlobalSection(ExtensibilityGlobals) = postSolution
		SolutionGuid = {0750B040-668F-4403-9D40-D89B5E294465}
	EndGlobalSection
EndGlobal
